
Microsoft Visual Studio Solution File, Format Version 12.00
# Visual Studio 15
VisualStudioVersion = 15.0.27130.2027
MinimumVisualStudioVersion = 10.0.40219.1
Project("{9A19103F-16F7-4668-BE54-9A1E7A4F7556}") = "Undefine.Web", "Undefine.Web\Undefine.Web.csproj", "{9A72956F-9F73-40F3-B89C-DFC6E4CB46FC}"
EndProject
Project("{2150E333-8FDC-42A3-9474-1A3956D46DE8}") = "UI", "UI", "{671D477B-773C-4FBA-B316-7D602EE5A217}"
EndProject
Project("{2150E333-8FDC-42A3-9474-1A3956D46DE8}") = "Application", "Application", "{CEE31161-2F4D-49BF-BE9F-81AD428A7E89}"
EndProject
Project("{2150E333-8FDC-42A3-9474-1A3956D46DE8}") = "Domain", "Domain", "{4D4E32A2-C106-4589-9FC2-4AAB421154D6}"
EndProject
Project("{2150E333-8FDC-42A3-9474-1A3956D46DE8}") = "Infrastructure", "Infrastructure", "{C9B7A265-1700-4A8D-9AF9-C0E10503C25D}"
EndProject
Project("{9A19103F-16F7-4668-BE54-9A1E7A4F7556}") = "Undefine.Infrastructure", "Undefine.Infrastructure\Undefine.Infrastructure.csproj", "{635AF0E2-9620-4DBE-AA79-EE4D10E0EE68}"
EndProject
Project("{2150E333-8FDC-42A3-9474-1A3956D46DE8}") = "Test", "Test", "{322D91FD-18E0-499C-913C-D30A4EED67DD}"
EndProject
Project("{9A19103F-16F7-4668-BE54-9A1E7A4F7556}") = "Undefine.UnitTest", "Undefine.UnitTest\Undefine.UnitTest.csproj", "{695F022C-F17D-4B45-A736-3FB16BE6AA8A}"
EndProject
Project("{9A19103F-16F7-4668-BE54-9A1E7A4F7556}") = "Undefine.Domain", "Undefine.Domian\Undefine.Domain.csproj", "{9E65FFFB-B3CF-433D-9AF6-CA9F027ED76E}"
EndProject
Project("{9A19103F-16F7-4668-BE54-9A1E7A4F7556}") = "Undefine.Repository", "Undefine.Repository\Undefine.Repository.csproj", "{A4AFFBA9-E9AC-40C4-8508-5C3862D40C0B}"
EndProject
Project("{FAE04EC0-301F-11D3-BF4B-00C04F79EFBC}") = "Undefine.WCFService", "Undefine.WCFService\Undefine.WCFService.csproj", "{D2903ED3-C332-40E8-AA79-C5A81CC3ECC5}"
EndProject
Project("{9A19103F-16F7-4668-BE54-9A1E7A4F7556}") = "Undefine.DtoModel", "Undefine.DtoModel\Undefine.DtoModel.csproj", "{7B4E1D55-BF9A-423C-96CB-8C652B3BF63B}"
EndProject
Project("{FAE04EC0-301F-11D3-BF4B-00C04F79EFBC}") = "Undefine.WebBLL", "Undefine.WebBLL\Undefine.WebBLL.csproj", "{3680206C-15F3-4333-BDD6-E862468F1972}"
EndProject
Project("{FAE04EC0-301F-11D3-BF4B-00C04F79EFBC}") = "Undefine.WebIBLL", "Undefine.WebIBLL\Undefine.WebIBLL.csproj", "{B4AC620A-9540-4AB8-96F5-FCEED145359C}"
EndProject
Project("{FAE04EC0-301F-11D3-BF4B-00C04F79EFBC}") = "Undefine.App", "Undefine.App\Undefine.App.csproj", "{33A74EBD-EE7E-413F-BA39-4CD2F82BEE40}"
EndProject
Global
	GlobalSection(SolutionConfigurationPlatforms) = preSolution
		Debug|Any CPU = Debug|Any CPU
		Release|Any CPU = Release|Any CPU
	EndGlobalSection
	GlobalSection(ProjectConfigurationPlatforms) = postSolution
		{9A72956F-9F73-40F3-B89C-DFC6E4CB46FC}.Debug|Any CPU.ActiveCfg = Debug|Any CPU
		{9A72956F-9F73-40F3-B89C-DFC6E4CB46FC}.Debug|Any CPU.Build.0 = Debug|Any CPU
		{9A72956F-9F73-40F3-B89C-DFC6E4CB46FC}.Release|Any CPU.ActiveCfg = Release|Any CPU
		{9A72956F-9F73-40F3-B89C-DFC6E4CB46FC}.Release|Any CPU.Build.0 = Release|Any CPU
		{635AF0E2-9620-4DBE-AA79-EE4D10E0EE68}.Debug|Any CPU.ActiveCfg = Debug|Any CPU
		{635AF0E2-9620-4DBE-AA79-EE4D10E0EE68}.Debug|Any CPU.Build.0 = Debug|Any CPU
		{635AF0E2-9620-4DBE-AA79-EE4D10E0EE68}.Release|Any CPU.ActiveCfg = Release|Any CPU
		{635AF0E2-9620-4DBE-AA79-EE4D10E0EE68}.Release|Any CPU.Build.0 = Release|Any CPU
		{695F022C-F17D-4B45-A736-3FB16BE6AA8A}.Debug|Any CPU.ActiveCfg = Debug|Any CPU
		{695F022C-F17D-4B45-A736-3FB16BE6AA8A}.Debug|Any CPU.Build.0 = Debug|Any CPU
		{695F022C-F17D-4B45-A736-3FB16BE6AA8A}.Release|Any CPU.ActiveCfg = Release|Any CPU
		{695F022C-F17D-4B45-A736-3FB16BE6AA8A}.Release|Any CPU.Build.0 = Release|Any CPU
		{9E65FFFB-B3CF-433D-9AF6-CA9F027ED76E}.Debug|Any CPU.ActiveCfg = Debug|Any CPU
		{9E65FFFB-B3CF-433D-9AF6-CA9F027ED76E}.Debug|Any CPU.Build.0 = Debug|Any CPU
		{9E65FFFB-B3CF-433D-9AF6-CA9F027ED76E}.Release|Any CPU.ActiveCfg = Release|Any CPU
		{9E65FFFB-B3CF-433D-9AF6-CA9F027ED76E}.Release|Any CPU.Build.0 = Release|Any CPU
		{A4AFFBA9-E9AC-40C4-8508-5C3862D40C0B}.Debug|Any CPU.ActiveCfg = Debug|Any CPU
		{A4AFFBA9-E9AC-40C4-8508-5C3862D40C0B}.Debug|Any CPU.Build.0 = Debug|Any CPU
		{A4AFFBA9-E9AC-40C4-8508-5C3862D40C0B}.Release|Any CPU.ActiveCfg = Release|Any CPU
		{A4AFFBA9-E9AC-40C4-8508-5C3862D40C0B}.Release|Any CPU.Build.0 = Release|Any CPU
		{D2903ED3-C332-40E8-AA79-C5A81CC3ECC5}.Debug|Any CPU.ActiveCfg = Debug|Any CPU
		{D2903ED3-C332-40E8-AA79-C5A81CC3ECC5}.Debug|Any CPU.Build.0 = Debug|Any CPU
		{D2903ED3-C332-40E8-AA79-C5A81CC3ECC5}.Release|Any CPU.ActiveCfg = Release|Any CPU
		{D2903ED3-C332-40E8-AA79-C5A81CC3ECC5}.Release|Any CPU.Build.0 = Release|Any CPU
		{7B4E1D55-BF9A-423C-96CB-8C652B3BF63B}.Debug|Any CPU.ActiveCfg = Debug|Any CPU
		{7B4E1D55-BF9A-423C-96CB-8C652B3BF63B}.Debug|Any CPU.Build.0 = Debug|Any CPU
		{7B4E1D55-BF9A-423C-96CB-8C652B3BF63B}.Release|Any CPU.ActiveCfg = Release|Any CPU
		{7B4E1D55-BF9A-423C-96CB-8C652B3BF63B}.Release|Any CPU.Build.0 = Release|Any CPU
		{3680206C-15F3-4333-BDD6-E862468F1972}.Debug|Any CPU.ActiveCfg = Debug|Any CPU
		{3680206C-15F3-4333-BDD6-E862468F1972}.Debug|Any CPU.Build.0 = Debug|Any CPU
		{3680206C-15F3-4333-BDD6-E862468F1972}.Release|Any CPU.ActiveCfg = Release|Any CPU
		{3680206C-15F3-4333-BDD6-E862468F1972}.Release|Any CPU.Build.0 = Release|Any CPU
		{B4AC620A-9540-4AB8-96F5-FCEED145359C}.Debug|Any CPU.ActiveCfg = Debug|Any CPU
		{B4AC620A-9540-4AB8-96F5-FCEED145359C}.Debug|Any CPU.Build.0 = Debug|Any CPU
		{B4AC620A-9540-4AB8-96F5-FCEED145359C}.Release|Any CPU.ActiveCfg = Release|Any CPU
		{B4AC620A-9540-4AB8-96F5-FCEED145359C}.Release|Any CPU.Build.0 = Release|Any CPU
		{33A74EBD-EE7E-413F-BA39-4CD2F82BEE40}.Debug|Any CPU.ActiveCfg = Debug|Any CPU
		{33A74EBD-EE7E-413F-BA39-4CD2F82BEE40}.Debug|Any CPU.Build.0 = Debug|Any CPU
		{33A74EBD-EE7E-413F-BA39-4CD2F82BEE40}.Release|Any CPU.ActiveCfg = Release|Any CPU
		{33A74EBD-EE7E-413F-BA39-4CD2F82BEE40}.Release|Any CPU.Build.0 = Release|Any CPU
	EndGlobalSection
	GlobalSection(SolutionProperties) = preSolution
		HideSolutionNode = FALSE
	EndGlobalSection
	GlobalSection(NestedProjects) = preSolution
		{9A72956F-9F73-40F3-B89C-DFC6E4CB46FC} = {671D477B-773C-4FBA-B316-7D602EE5A217}
		{635AF0E2-9620-4DBE-AA79-EE4D10E0EE68} = {C9B7A265-1700-4A8D-9AF9-C0E10503C25D}
		{695F022C-F17D-4B45-A736-3FB16BE6AA8A} = {322D91FD-18E0-499C-913C-D30A4EED67DD}
		{9E65FFFB-B3CF-433D-9AF6-CA9F027ED76E} = {4D4E32A2-C106-4589-9FC2-4AAB421154D6}
		{A4AFFBA9-E9AC-40C4-8508-5C3862D40C0B} = {C9B7A265-1700-4A8D-9AF9-C0E10503C25D}
		{D2903ED3-C332-40E8-AA79-C5A81CC3ECC5} = {CEE31161-2F4D-49BF-BE9F-81AD428A7E89}
		{7B4E1D55-BF9A-423C-96CB-8C652B3BF63B} = {C9B7A265-1700-4A8D-9AF9-C0E10503C25D}
		{3680206C-15F3-4333-BDD6-E862468F1972} = {671D477B-773C-4FBA-B316-7D602EE5A217}
		{B4AC620A-9540-4AB8-96F5-FCEED145359C} = {671D477B-773C-4FBA-B316-7D602EE5A217}
		{33A74EBD-EE7E-413F-BA39-4CD2F82BEE40} = {CEE31161-2F4D-49BF-BE9F-81AD428A7E89}
	EndGlobalSection
	GlobalSection(ExtensibilityGlobals) = postSolution
		VisualSVNWorkingCopyRoot = .
		SolutionGuid = {621043C9-9656-40B9-97B8-08F3A22960DF}
	EndGlobalSection
EndGlobal
